// !$*UTF8*$!
{
	archiveVersion = 1;
	classes = {
	};
	objectVersion = 77;
	objects = {

/* Begin PBXBuildFile section */
		AA0000000000000000000001 /* HangTenApp.swift in Sources */ = {isa = PBXBuildFile; fileRef = BB0000000000000000000001 /* HangTenApp.swift */; };
		AA0000000000000000000002 /* AppStore.swift in Sources */ = {isa = PBXBuildFile; fileRef = BB0000000000000000000002 /* AppStore.swift */; };
		AA0000000000000000000003 /* TrainingModels.swift in Sources */ = {isa = PBXBuildFile; fileRef = BB0000000000000000000003 /* TrainingModels.swift */; };
		AA0000000000000000000004 /* DesignSystem.swift in Sources */ = {isa = PBXBuildFile; fileRef = BB0000000000000000000004 /* DesignSystem.swift */; };
		AA0000000000000000000005 /* BoardMapView.swift in Sources */ = {isa = PBXBuildFile; fileRef = BB0000000000000000000005 /* BoardMapView.swift */; };
		AA0000000000000000000006 /* RootView.swift in Sources */ = {isa = PBXBuildFile; fileRef = BB0000000000000000000006 /* RootView.swift */; };
		AA0000000000000000000007 /* Assets.xcassets in Resources */ = {isa = PBXBuildFile; fileRef = BB0000000000000000000007 /* Assets.xcassets */; };
		AA0000000000000000000008 /* GripDiagramView.swift in Sources */ = {isa = PBXBuildFile; fileRef = BB0000000000000000000008 /* GripDiagramView.swift */; };
		AA0000000000000000000009 /* HealthKitService.swift in Sources */ = {isa = PBXBuildFile; fileRef = BB0000000000000000000009 /* HealthKitService.swift */; };
		AA0000000000000000000014 /* PlanStorage.swift in Sources */ = {isa = PBXBuildFile; fileRef = BB0000000000000000000016 /* PlanStorage.swift */; };
		AA0000000000000000000015 /* PlanLibrary.json in Resources */ = {isa = PBXBuildFile; fileRef = BB0000000000000000000017 /* PlanLibrary.json */; };
		AA0000000000000000000068 /* PlanLibrary.json in Resources */ = {isa = PBXBuildFile; fileRef = BB0000000000000000000017 /* PlanLibrary.json */; };
		AA0000000000000000000010 /* HealthKit.framework in Frameworks */ = {isa = PBXBuildFile; fileRef = BB0000000000000000000012 /* HealthKit.framework */; };
		AA0000000000000000000011 /* BoardDesignLanguage.swift in Sources */ = {isa = PBXBuildFile; fileRef = BB0000000000000000000013 /* BoardDesignLanguage.swift */; };
		AA0000000000000000000013 /* WorkoutAudioCoach.swift in Sources */ = {isa = PBXBuildFile; fileRef = BB0000000000000000000015 /* WorkoutAudioCoach.swift */; };
		AA0000000000000000000016 /* TestTargetSmokeTests.swift in Sources */ = {isa = PBXBuildFile; fileRef = BB0000000000000000000018 /* TestTargetSmokeTests.swift */; };
		AA0000000000000000000017 /* XCTest.framework in Frameworks */ = {isa = PBXBuildFile; fileRef = BB0000000000000000000020 /* XCTest.framework */; };
		AA0000000000000000000018 /* MotherboardModelsTests.swift in Sources */ = {isa = PBXBuildFile; fileRef = BB0000000000000000000021 /* MotherboardModelsTests.swift */; };
		AA0000000000000000000074 /* ForceSensorModelsTests.swift in Sources */ = {isa = PBXBuildFile; fileRef = BB0000000000000000000074 /* ForceSensorModelsTests.swift */; };
		AA0000000000000000000075 /* ForceSensorModels.swift in Sources */ = {isa = PBXBuildFile; fileRef = BB0000000000000000000075 /* ForceSensorModels.swift */; };
		AA0000000000000000000076 /* ProgressorProtocolTests.swift in Sources */ = {isa = PBXBuildFile; fileRef = BB0000000000000000000076 /* ProgressorProtocolTests.swift */; };
		AA0000000000000000000077 /* ProgressorProtocol.swift in Sources */ = {isa = PBXBuildFile; fileRef = BB0000000000000000000077 /* ProgressorProtocol.swift */; };
		AA0000000000000000000078 /* PitchSixProtocolTests.swift in Sources */ = {isa = PBXBuildFile; fileRef = BB0000000000000000000078 /* PitchSixProtocolTests.swift */; };
		AA0000000000000000000079 /* PitchSixProtocol.swift in Sources */ = {isa = PBXBuildFile; fileRef = BB0000000000000000000079 /* PitchSixProtocol.swift */; };
		AA0000000000000000000080 /* WHC06ProtocolTests.swift in Sources */ = {isa = PBXBuildFile; fileRef = BB0000000000000000000080 /* WHC06ProtocolTests.swift */; };
		AA0000000000000000000081 /* WHC06Protocol.swift in Sources */ = {isa = PBXBuildFile; fileRef = BB0000000000000000000081 /* WHC06Protocol.swift */; };
		AA0000000000000000000082 /* EntralpiProtocolTests.swift in Sources */ = {isa = PBXBuildFile; fileRef = BB0000000000000000000082 /* EntralpiProtocolTests.swift */; };
		AA0000000000000000000083 /* EntralpiProtocol.swift in Sources */ = {isa = PBXBuildFile; fileRef = BB0000000000000000000083 /* EntralpiProtocol.swift */; };
		AA0000000000000000000084 /* ClimbroProtocolTests.swift in Sources */ = {isa = PBXBuildFile; fileRef = BB0000000000000000000084 /* ClimbroProtocolTests.swift */; };
		AA0000000000000000000085 /* ClimbroProtocol.swift in Sources */ = {isa = PBXBuildFile; fileRef = BB0000000000000000000085 /* ClimbroProtocol.swift */; };
		AA0000000000000000000019 /* MotherboardModels.swift in Sources */ = {isa = PBXBuildFile; fileRef = BB0000000000000000000022 /* MotherboardModels.swift */; };
		AA0000000000000000000020 /* MotherboardProtocolTests.swift in Sources */ = {isa = PBXBuildFile; fileRef = BB0000000000000000000023 /* MotherboardProtocolTests.swift */; };
		AA0000000000000000000021 /* MotherboardProtocol.swift in Sources */ = {isa = PBXBuildFile; fileRef = BB0000000000000000000024 /* MotherboardProtocol.swift */; };
		AA0000000000000000000022 /* MotherboardWorkoutRecorderTests.swift in Sources */ = {isa = PBXBuildFile; fileRef = BB0000000000000000000025 /* MotherboardWorkoutRecorderTests.swift */; };
		AA0000000000000000000023 /* MotherboardWorkoutRecorder.swift in Sources */ = {isa = PBXBuildFile; fileRef = BB0000000000000000000026 /* MotherboardWorkoutRecorder.swift */; };
		AA0000000000000000000024 /* WorkoutSessionStoreTests.swift in Sources */ = {isa = PBXBuildFile; fileRef = BB0000000000000000000027 /* WorkoutSessionStoreTests.swift */; };
		AA0000000000000000000025 /* WorkoutSessionStore.swift in Sources */ = {isa = PBXBuildFile; fileRef = BB0000000000000000000028 /* WorkoutSessionStore.swift */; };
		AA0000000000000000000026 /* MotherboardBluetoothServiceTests.swift in Sources */ = {isa = PBXBuildFile; fileRef = BB0000000000000000000029 /* MotherboardBluetoothServiceTests.swift */; };
		AA0000000000000000000027 /* MotherboardBluetoothService.swift in Sources */ = {isa = PBXBuildFile; fileRef = BB0000000000000000000030 /* MotherboardBluetoothService.swift */; };
		AA0000000000000000000028 /* AppStoreTests.swift in Sources */ = {isa = PBXBuildFile; fileRef = BB0000000000000000000031 /* AppStoreTests.swift */; };
		AA0000000000000000000032 /* MotherboardViews.swift in Sources */ = {isa = PBXBuildFile; fileRef = BB0000000000000000000032 /* MotherboardViews.swift */; };
		AA0000000000000000000033 /* WorkoutSummaryTests.swift in Sources */ = {isa = PBXBuildFile; fileRef = BB0000000000000000000033 /* WorkoutSummaryTests.swift */; };
		AA0000000000000000000034 /* WorkoutSummaryView.swift in Sources */ = {isa = PBXBuildFile; fileRef = BB0000000000000000000034 /* WorkoutSummaryView.swift */; };
		AA0000000000000000000035 /* SimulatedMotherboardTransportTests.swift in Sources */ = {isa = PBXBuildFile; fileRef = BB0000000000000000000035 /* SimulatedMotherboardTransportTests.swift */; };
		AA0000000000000000000036 /* SimulatedMotherboardTransport.swift in Sources */ = {isa = PBXBuildFile; fileRef = BB0000000000000000000036 /* SimulatedMotherboardTransport.swift */; };
		AA0000000000000000000037 /* MotherboardWorkoutPreparationTests.swift in Sources */ = {isa = PBXBuildFile; fileRef = BB0000000000000000000037 /* MotherboardWorkoutPreparationTests.swift */; };
		AA0000000000000000000038 /* MotherboardWorkoutPreparation.swift in Sources */ = {isa = PBXBuildFile; fileRef = BB0000000000000000000038 /* MotherboardWorkoutPreparation.swift */; };
		AA0000000000000000000039 /* MotherboardWorkoutPreparationView.swift in Sources */ = {isa = PBXBuildFile; fileRef = BB0000000000000000000039 /* MotherboardWorkoutPreparationView.swift */; };
		AA0000000000000000000040 /* WorkoutTimelineTests.swift in Sources */ = {isa = PBXBuildFile; fileRef = BB0000000000000000000040 /* WorkoutTimelineTests.swift */; };
		AA0000000000000000000041 /* WorkoutTimeline.swift in Sources */ = {isa = PBXBuildFile; fileRef = BB0000000000000000000041 /* WorkoutTimeline.swift */; };
		AA0000000000000000000042 /* WorkoutStepPickerView.swift in Sources */ = {isa = PBXBuildFile; fileRef = BB0000000000000000000042 /* WorkoutStepPickerView.swift */; };
		AA0000000000000000000043 /* PlanFilters.swift in Sources */ = {isa = PBXBuildFile; fileRef = BB0000000000000000000043 /* PlanFilters.swift */; };
		AA0000000000000000000044 /* PlanFiltersTests.swift in Sources */ = {isa = PBXBuildFile; fileRef = BB0000000000000000000044 /* PlanFiltersTests.swift */; };
		AA0000000000000000000045 /* WorkoutSegmentTests.swift in Sources */ = {isa = PBXBuildFile; fileRef = BB0000000000000000000045 /* WorkoutSegmentTests.swift */; };
		AA0000000000000000000046 /* PlanStorageTests.swift in Sources */ = {isa = PBXBuildFile; fileRef = BB0000000000000000000046 /* PlanStorageTests.swift */; };
		AA0000000000000000000047 /* WorkoutActivityRecording.swift in Sources */ = {isa = PBXBuildFile; fileRef = BB0000000000000000000047 /* WorkoutActivityRecording.swift */; };
		AA0000000000000000000048 /* WorkoutActivityRecordingTests.swift in Sources */ = {isa = PBXBuildFile; fileRef = BB0000000000000000000048 /* WorkoutActivityRecordingTests.swift */; };
		AA0000000000000000000049 /* WorkoutStopwatch.swift in Sources */ = {isa = PBXBuildFile; fileRef = BB0000000000000000000049 /* WorkoutStopwatch.swift */; };
		AA0000000000000000000050 /* WorkoutStopwatchTests.swift in Sources */ = {isa = PBXBuildFile; fileRef = BB0000000000000000000050 /* WorkoutStopwatchTests.swift */; };
		AA0000000000000000000051 /* AppStoreFavoritesTests.swift in Sources */ = {isa = PBXBuildFile; fileRef = BB0000000000000000000051 /* AppStoreFavoritesTests.swift */; };
		AA0000000000000000000052 /* WorkoutHistory.swift in Sources */ = {isa = PBXBuildFile; fileRef = BB0000000000000000000052 /* WorkoutHistory.swift */; };
		AA0000000000000000000053 /* LocalWorkoutHistoryStore.swift in Sources */ = {isa = PBXBuildFile; fileRef = BB0000000000000000000053 /* LocalWorkoutHistoryStore.swift */; };
		AA0000000000000000000054 /* WorkoutHistoryService.swift in Sources */ = {isa = PBXBuildFile; fileRef = BB0000000000000000000054 /* WorkoutHistoryService.swift */; };
		AA0000000000000000000055 /* WorkoutHistoryTests.swift in Sources */ = {isa = PBXBuildFile; fileRef = BB0000000000000000000055 /* WorkoutHistoryTests.swift */; };
		AA0000000000000000000056 /* LocalWorkoutHistoryStoreTests.swift in Sources */ = {isa = PBXBuildFile; fileRef = BB0000000000000000000056 /* LocalWorkoutHistoryStoreTests.swift */; };
		AA0000000000000000000057 /* HealthKitServiceTests.swift in Sources */ = {isa = PBXBuildFile; fileRef = BB0000000000000000000057 /* HealthKitServiceTests.swift */; };
		AA0000000000000000000058 /* WorkoutHistoryServiceTests.swift in Sources */ = {isa = PBXBuildFile; fileRef = BB0000000000000000000058 /* WorkoutHistoryServiceTests.swift */; };
		AA0000000000000000000059 /* WorkoutStepNormalization.swift in Sources */ = {isa = PBXBuildFile; fileRef = BB0000000000000000000059 /* WorkoutStepNormalization.swift */; };
		AA0000000000000000000060 /* WorkoutStepNormalizationTests.swift in Sources */ = {isa = PBXBuildFile; fileRef = BB0000000000000000000060 /* WorkoutStepNormalizationTests.swift */; };
		AA0000000000000000000061 /* CustomRoutineStoreTests.swift in Sources */ = {isa = PBXBuildFile; fileRef = BB0000000000000000000061 /* CustomRoutineStoreTests.swift */; };
		AA0000000000000000000062 /* CustomRoutineStore.swift in Sources */ = {isa = PBXBuildFile; fileRef = BB0000000000000000000062 /* CustomRoutineStore.swift */; };
		AA0000000000000000000063 /* CustomRoutineAppStoreTests.swift in Sources */ = {isa = PBXBuildFile; fileRef = BB0000000000000000000063 /* CustomRoutineAppStoreTests.swift */; };
		AA0000000000000000000064 /* CustomRoutineDraft.swift in Sources */ = {isa = PBXBuildFile; fileRef = BB0000000000000000000064 /* CustomRoutineDraft.swift */; };
		AA0000000000000000000065 /* CustomRoutineDraftTests.swift in Sources */ = {isa = PBXBuildFile; fileRef = BB0000000000000000000065 /* CustomRoutineDraftTests.swift */; };
		AA0000000000000000000066 /* CustomRoutineEditorView.swift in Sources */ = {isa = PBXBuildFile; fileRef = BB0000000000000000000066 /* CustomRoutineEditorView.swift */; };
		AA0000000000000000000086 /* BoardPackageStore.swift in Sources */ = {isa = PBXBuildFile; fileRef = BB0000000000000000000086 /* BoardPackageStore.swift */; };
		AA0000000000000000000087 /* BoardPackageStoreTests.swift in Sources */ = {isa = PBXBuildFile; fileRef = BB0000000000000000000087 /* BoardPackageStoreTests.swift */; };
		AA0000000000000000000088 /* BoardSourceBoundaryTests.swift in Sources */ = {isa = PBXBuildFile; fileRef = BB0000000000000000000088 /* BoardSourceBoundaryTests.swift */; };
		AA0000000000000000000070 /* BoardStorageTests.swift in Sources */ = {isa = PBXBuildFile; fileRef = BB0000000000000000000070 /* BoardStorageTests.swift */; };
		AA0000000000000000000071 /* BoardStorage.swift in Sources */ = {isa = PBXBuildFile; fileRef = BB0000000000000000000071 /* BoardStorage.swift */; };
		AA00000000000000000000A1 /* TelemetryTests.swift in Sources */ = {isa = PBXBuildFile; fileRef = BB00000000000000000000A1 /* TelemetryTests.swift */; };
		AB0000000000000000000001 /* Telemetry.swift in Sources */ = {isa = PBXBuildFile; fileRef = AC0000000000000000000001 /* Telemetry.swift */; };
		AB0000000000000000000002 /* PostHogTelemetry.swift in Sources */ = {isa = PBXBuildFile; fileRef = AC0000000000000000000002 /* PostHogTelemetry.swift */; };
		AB0000000000000000000003 /* OpenTelemetryDiagnostics.swift in Sources */ = {isa = PBXBuildFile; fileRef = AC0000000000000000000003 /* OpenTelemetryDiagnostics.swift */; };
		AB0000000000000000000004 /* PostHog in Frameworks */ = {isa = PBXBuildFile; productRef = GG0000000000000000000001 /* PostHog */; };
		AB0000000000000000000005 /* OpenTelemetryApi in Frameworks */ = {isa = PBXBuildFile; productRef = GG0000000000000000000002 /* OpenTelemetryApi */; };
		AB0000000000000000000006 /* OpenTelemetrySdk in Frameworks */ = {isa = PBXBuildFile; productRef = GG0000000000000000000003 /* OpenTelemetrySdk */; };
		AB0000000000000000000007 /* OpenTelemetryProtocolExporterHTTP in Frameworks */ = {isa = PBXBuildFile; productRef = GG0000000000000000000004 /* OpenTelemetryProtocolExporterHTTP */; };
		AB0000000000000000000008 /* Sentry in Frameworks */ = {isa = PBXBuildFile; productRef = GG0000000000000000000005 /* Sentry */; };
/* End PBXBuildFile section */

/* Begin PBXFileReference section */
		BB0000000000000000000010 /* HangTen.app */ = {isa = PBXFileReference; explicitFileType = wrapper.application; includeInIndex = 0; path = HangTen.app; sourceTree = BUILT_PRODUCTS_DIR; };
		BB0000000000000000000001 /* HangTenApp.swift */ = {isa = PBXFileReference; lastKnownFileType = sourcecode.swift; path = HangTenApp.swift; sourceTree = "<group>"; };
		BB0000000000000000000002 /* AppStore.swift */ = {isa = PBXFileReference; lastKnownFileType = sourcecode.swift; path = AppStore.swift; sourceTree = "<group>"; };
		BB0000000000000000000003 /* TrainingModels.swift */ = {isa = PBXFileReference; lastKnownFileType = sourcecode.swift; path = TrainingModels.swift; sourceTree = "<group>"; };
		BB0000000000000000000004 /* DesignSystem.swift */ = {isa = PBXFileReference; lastKnownFileType = sourcecode.swift; path = DesignSystem.swift; sourceTree = "<group>"; };
		BB0000000000000000000005 /* BoardMapView.swift */ = {isa = PBXFileReference; lastKnownFileType = sourcecode.swift; path = BoardMapView.swift; sourceTree = "<group>"; };
		BB0000000000000000000006 /* RootView.swift */ = {isa = PBXFileReference; lastKnownFileType = sourcecode.swift; path = RootView.swift; sourceTree = "<group>"; };
		BB0000000000000000000007 /* Assets.xcassets */ = {isa = PBXFileReference; lastKnownFileType = folder.assetcatalog; path = Assets.xcassets; sourceTree = "<group>"; };
		BB0000000000000000000008 /* GripDiagramView.swift */ = {isa = PBXFileReference; lastKnownFileType = sourcecode.swift; path = GripDiagramView.swift; sourceTree = "<group>"; };
		BB0000000000000000000009 /* HealthKitService.swift */ = {isa = PBXFileReference; lastKnownFileType = sourcecode.swift; path = HealthKitService.swift; sourceTree = "<group>"; };
		BB0000000000000000000011 /* HangTen.entitlements */ = {isa = PBXFileReference; lastKnownFileType = text.xml; path = HangTen.entitlements; sourceTree = "<group>"; };
		BB0000000000000000000012 /* HealthKit.framework */ = {isa = PBXFileReference; lastKnownFileType = wrapper.framework; name = HealthKit.framework; path = System/Library/Frameworks/HealthKit.framework; sourceTree = SDKROOT; };
		BB0000000000000000000013 /* BoardDesignLanguage.swift */ = {isa = PBXFileReference; lastKnownFileType = sourcecode.swift; path = BoardDesignLanguage.swift; sourceTree = "<group>"; };
		BB0000000000000000000015 /* WorkoutAudioCoach.swift */ = {isa = PBXFileReference; lastKnownFileType = sourcecode.swift; path = WorkoutAudioCoach.swift; sourceTree = "<group>"; };
		BB0000000000000000000016 /* PlanStorage.swift */ = {isa = PBXFileReference; lastKnownFileType = sourcecode.swift; path = PlanStorage.swift; sourceTree = "<group>"; };
		BB0000000000000000000017 /* PlanLibrary.json */ = {isa = PBXFileReference; lastKnownFileType = text.json; path = PlanLibrary.json; sourceTree = "<group>"; };
		BB0000000000000000000018 /* TestTargetSmokeTests.swift */ = {isa = PBXFileReference; lastKnownFileType = sourcecode.swift; path = TestTargetSmokeTests.swift; sourceTree = "<group>"; };
		BB0000000000000000000019 /* HangTenTests.xctest */ = {isa = PBXFileReference; explicitFileType = wrapper.cfbundle; includeInIndex = 0; path = HangTenTests.xctest; sourceTree = BUILT_PRODUCTS_DIR; };
		BB0000000000000000000020 /* XCTest.framework */ = {isa = PBXFileReference; lastKnownFileType = wrapper.framework; name = XCTest.framework; path = System/Library/Frameworks/XCTest.framework; sourceTree = SDKROOT; };
		BB0000000000000000000021 /* MotherboardModelsTests.swift */ = {isa = PBXFileReference; lastKnownFileType = sourcecode.swift; path = MotherboardModelsTests.swift; sourceTree = "<group>"; };
		BB0000000000000000000074 /* ForceSensorModelsTests.swift */ = {isa = PBXFileReference; lastKnownFileType = sourcecode.swift; path = ForceSensorModelsTests.swift; sourceTree = "<group>"; };
		BB0000000000000000000075 /* ForceSensorModels.swift */ = {isa = PBXFileReference; lastKnownFileType = sourcecode.swift; path = ForceSensorModels.swift; sourceTree = "<group>"; };
		BB0000000000000000000076 /* ProgressorProtocolTests.swift */ = {isa = PBXFileReference; lastKnownFileType = sourcecode.swift; path = ProgressorProtocolTests.swift; sourceTree = "<group>"; };
		BB0000000000000000000077 /* ProgressorProtocol.swift */ = {isa = PBXFileReference; lastKnownFileType = sourcecode.swift; path = ProgressorProtocol.swift; sourceTree = "<group>"; };
		BB0000000000000000000078 /* PitchSixProtocolTests.swift */ = {isa = PBXFileReference; lastKnownFileType = sourcecode.swift; path = PitchSixProtocolTests.swift; sourceTree = "<group>"; };
		BB0000000000000000000079 /* PitchSixProtocol.swift */ = {isa = PBXFileReference; lastKnownFileType = sourcecode.swift; path = PitchSixProtocol.swift; sourceTree = "<group>"; };
		BB0000000000000000000080 /* WHC06ProtocolTests.swift */ = {isa = PBXFileReference; lastKnownFileType = sourcecode.swift; path = WHC06ProtocolTests.swift; sourceTree = "<group>"; };
		BB0000000000000000000081 /* WHC06Protocol.swift */ = {isa = PBXFileReference; lastKnownFileType = sourcecode.swift; path = WHC06Protocol.swift; sourceTree = "<group>"; };
		BB0000000000000000000082 /* EntralpiProtocolTests.swift */ = {isa = PBXFileReference; lastKnownFileType = sourcecode.swift; path = EntralpiProtocolTests.swift; sourceTree = "<group>"; };
		BB0000000000000000000083 /* EntralpiProtocol.swift */ = {isa = PBXFileReference; lastKnownFileType = sourcecode.swift; path = EntralpiProtocol.swift; sourceTree = "<group>"; };
		BB0000000000000000000084 /* ClimbroProtocolTests.swift */ = {isa = PBXFileReference; lastKnownFileType = sourcecode.swift; path = ClimbroProtocolTests.swift; sourceTree = "<group>"; };
		BB0000000000000000000085 /* ClimbroProtocol.swift */ = {isa = PBXFileReference; lastKnownFileType = sourcecode.swift; path = ClimbroProtocol.swift; sourceTree = "<group>"; };
		BB0000000000000000000022 /* MotherboardModels.swift */ = {isa = PBXFileReference; lastKnownFileType = sourcecode.swift; path = MotherboardModels.swift; sourceTree = "<group>"; };
		BB0000000000000000000023 /* MotherboardProtocolTests.swift */ = {isa = PBXFileReference; lastKnownFileType = sourcecode.swift; path = MotherboardProtocolTests.swift; sourceTree = "<group>"; };
		BB0000000000000000000024 /* MotherboardProtocol.swift */ = {isa = PBXFileReference; lastKnownFileType = sourcecode.swift; path = MotherboardProtocol.swift; sourceTree = "<group>"; };
		BB0000000000000000000025 /* MotherboardWorkoutRecorderTests.swift */ = {isa = PBXFileReference; lastKnownFileType = sourcecode.swift; path = MotherboardWorkoutRecorderTests.swift; sourceTree = "<group>"; };
		BB0000000000000000000026 /* MotherboardWorkoutRecorder.swift */ = {isa = PBXFileReference; lastKnownFileType = sourcecode.swift; path = MotherboardWorkoutRecorder.swift; sourceTree = "<group>"; };
		BB0000000000000000000027 /* WorkoutSessionStoreTests.swift */ = {isa = PBXFileReference; lastKnownFileType = sourcecode.swift; path = WorkoutSessionStoreTests.swift; sourceTree = "<group>"; };
		BB0000000000000000000028 /* WorkoutSessionStore.swift */ = {isa = PBXFileReference; lastKnownFileType = sourcecode.swift; path = WorkoutSessionStore.swift; sourceTree = "<group>"; };
		BB0000000000000000000029 /* MotherboardBluetoothServiceTests.swift */ = {isa = PBXFileReference; lastKnownFileType = sourcecode.swift; path = MotherboardBluetoothServiceTests.swift; sourceTree = "<group>"; };
		BB0000000000000000000030 /* MotherboardBluetoothService.swift */ = {isa = PBXFileReference; lastKnownFileType = sourcecode.swift; path = MotherboardBluetoothService.swift; sourceTree = "<group>"; };
		BB0000000000000000000031 /* AppStoreTests.swift */ = {isa = PBXFileReference; lastKnownFileType = sourcecode.swift; path = AppStoreTests.swift; sourceTree = "<group>"; };
		BB0000000000000000000032 /* MotherboardViews.swift */ = {isa = PBXFileReference; lastKnownFileType = sourcecode.swift; path = MotherboardViews.swift; sourceTree = "<group>"; };
		BB0000000000000000000033 /* WorkoutSummaryTests.swift */ = {isa = PBXFileReference; lastKnownFileType = sourcecode.swift; path = WorkoutSummaryTests.swift; sourceTree = "<group>"; };
		BB0000000000000000000034 /* WorkoutSummaryView.swift */ = {isa = PBXFileReference; lastKnownFileType = sourcecode.swift; path = WorkoutSummaryView.swift; sourceTree = "<group>"; };
		BB0000000000000000000035 /* SimulatedMotherboardTransportTests.swift */ = {isa = PBXFileReference; lastKnownFileType = sourcecode.swift; path = SimulatedMotherboardTransportTests.swift; sourceTree = "<group>"; };
		BB0000000000000000000036 /* SimulatedMotherboardTransport.swift */ = {isa = PBXFileReference; lastKnownFileType = sourcecode.swift; path = SimulatedMotherboardTransport.swift; sourceTree = "<group>"; };
		BB0000000000000000000037 /* MotherboardWorkoutPreparationTests.swift */ = {isa = PBXFileReference; lastKnownFileType = sourcecode.swift; path = MotherboardWorkoutPreparationTests.swift; sourceTree = "<group>"; };
		BB0000000000000000000038 /* MotherboardWorkoutPreparation.swift */ = {isa = PBXFileReference; lastKnownFileType = sourcecode.swift; path = MotherboardWorkoutPreparation.swift; sourceTree = "<group>"; };
		BB0000000000000000000039 /* MotherboardWorkoutPreparationView.swift */ = {isa = PBXFileReference; lastKnownFileType = sourcecode.swift; path = MotherboardWorkoutPreparationView.swift; sourceTree = "<group>"; };
		BB0000000000000000000040 /* WorkoutTimelineTests.swift */ = {isa = PBXFileReference; lastKnownFileType = sourcecode.swift; path = WorkoutTimelineTests.swift; sourceTree = "<group>"; };
		BB0000000000000000000041 /* WorkoutTimeline.swift */ = {isa = PBXFileReference; lastKnownFileType = sourcecode.swift; path = WorkoutTimeline.swift; sourceTree = "<group>"; };
		BB0000000000000000000042 /* WorkoutStepPickerView.swift */ = {isa = PBXFileReference; lastKnownFileType = sourcecode.swift; path = WorkoutStepPickerView.swift; sourceTree = "<group>"; };
		BB0000000000000000000043 /* PlanFilters.swift */ = {isa = PBXFileReference; lastKnownFileType = sourcecode.swift; path = PlanFilters.swift; sourceTree = "<group>"; };
		BB0000000000000000000044 /* PlanFiltersTests.swift */ = {isa = PBXFileReference; lastKnownFileType = sourcecode.swift; path = PlanFiltersTests.swift; sourceTree = "<group>"; };
		BB0000000000000000000045 /* WorkoutSegmentTests.swift */ = {isa = PBXFileReference; lastKnownFileType = sourcecode.swift; path = WorkoutSegmentTests.swift; sourceTree = "<group>"; };
		BB0000000000000000000046 /* PlanStorageTests.swift */ = {isa = PBXFileReference; lastKnownFileType = sourcecode.swift; path = PlanStorageTests.swift; sourceTree = "<group>"; };
		BB0000000000000000000047 /* WorkoutActivityRecording.swift */ = {isa = PBXFileReference; lastKnownFileType = sourcecode.swift; path = WorkoutActivityRecording.swift; sourceTree = "<group>"; };
		BB0000000000000000000048 /* WorkoutActivityRecordingTests.swift */ = {isa = PBXFileReference; lastKnownFileType = sourcecode.swift; path = WorkoutActivityRecordingTests.swift; sourceTree = "<group>"; };
		BB0000000000000000000049 /* WorkoutStopwatch.swift */ = {isa = PBXFileReference; lastKnownFileType = sourcecode.swift; path = WorkoutStopwatch.swift; sourceTree = "<group>"; };
		BB0000000000000000000050 /* WorkoutStopwatchTests.swift */ = {isa = PBXFileReference; lastKnownFileType = sourcecode.swift; path = WorkoutStopwatchTests.swift; sourceTree = "<group>"; };
		BB0000000000000000000051 /* AppStoreFavoritesTests.swift */ = {isa = PBXFileReference; lastKnownFileType = sourcecode.swift; path = AppStoreFavoritesTests.swift; sourceTree = "<group>"; };
		BB0000000000000000000052 /* WorkoutHistory.swift */ = {isa = PBXFileReference; lastKnownFileType = sourcecode.swift; path = WorkoutHistory.swift; sourceTree = "<group>"; };
		BB0000000000000000000053 /* LocalWorkoutHistoryStore.swift */ = {isa = PBXFileReference; lastKnownFileType = sourcecode.swift; path = LocalWorkoutHistoryStore.swift; sourceTree = "<group>"; };
		BB0000000000000000000054 /* WorkoutHistoryService.swift */ = {isa = PBXFileReference; lastKnownFileType = sourcecode.swift; path = WorkoutHistoryService.swift; sourceTree = "<group>"; };
		BB0000000000000000000055 /* WorkoutHistoryTests.swift */ = {isa = PBXFileReference; lastKnownFileType = sourcecode.swift; path = WorkoutHistoryTests.swift; sourceTree = "<group>"; };
		BB0000000000000000000056 /* LocalWorkoutHistoryStoreTests.swift */ = {isa = PBXFileReference; lastKnownFileType = sourcecode.swift; path = LocalWorkoutHistoryStoreTests.swift; sourceTree = "<group>"; };
		BB0000000000000000000057 /* HealthKitServiceTests.swift */ = {isa = PBXFileReference; lastKnownFileType = sourcecode.swift; path = HealthKitServiceTests.swift; sourceTree = "<group>"; };
		BB0000000000000000000058 /* WorkoutHistoryServiceTests.swift */ = {isa = PBXFileReference; lastKnownFileType = sourcecode.swift; path = WorkoutHistoryServiceTests.swift; sourceTree = "<group>"; };
		BB0000000000000000000059 /* WorkoutStepNormalization.swift */ = {isa = PBXFileReference; lastKnownFileType = sourcecode.swift; path = WorkoutStepNormalization.swift; sourceTree = "<group>"; };
		BB0000000000000000000060 /* WorkoutStepNormalizationTests.swift */ = {isa = PBXFileReference; lastKnownFileType = sourcecode.swift; path = WorkoutStepNormalizationTests.swift; sourceTree = "<group>"; };
		BB0000000000000000000061 /* CustomRoutineStoreTests.swift */ = {isa = PBXFileReference; lastKnownFileType = sourcecode.swift; path = CustomRoutineStoreTests.swift; sourceTree = "<group>"; };
		BB0000000000000000000062 /* CustomRoutineStore.swift */ = {isa = PBXFileReference; lastKnownFileType = sourcecode.swift; path = CustomRoutineStore.swift; sourceTree = "<group>"; };
		BB0000000000000000000063 /* CustomRoutineAppStoreTests.swift */ = {isa = PBXFileReference; lastKnownFileType = sourcecode.swift; path = CustomRoutineAppStoreTests.swift; sourceTree = "<group>"; };
		BB0000000000000000000064 /* CustomRoutineDraft.swift */ = {isa = PBXFileReference; lastKnownFileType = sourcecode.swift; path = CustomRoutineDraft.swift; sourceTree = "<group>"; };
		BB0000000000000000000065 /* CustomRoutineDraftTests.swift */ = {isa = PBXFileReference; lastKnownFileType = sourcecode.swift; path = CustomRoutineDraftTests.swift; sourceTree = "<group>"; };
		BB0000000000000000000066 /* CustomRoutineEditorView.swift */ = {isa = PBXFileReference; lastKnownFileType = sourcecode.swift; path = CustomRoutineEditorView.swift; sourceTree = "<group>"; };
		BB0000000000000000000070 /* BoardStorageTests.swift */ = {isa = PBXFileReference; lastKnownFileType = sourcecode.swift; path = BoardStorageTests.swift; sourceTree = "<group>"; };
		BB0000000000000000000071 /* BoardStorage.swift */ = {isa = PBXFileReference; lastKnownFileType = sourcecode.swift; path = BoardStorage.swift; sourceTree = "<group>"; };
		BB0000000000000000000086 /* BoardPackageStore.swift */ = {isa = PBXFileReference; lastKnownFileType = sourcecode.swift; path = BoardPackageStore.swift; sourceTree = "<group>"; };
		BB0000000000000000000087 /* BoardPackageStoreTests.swift */ = {isa = PBXFileReference; lastKnownFileType = sourcecode.swift; path = BoardPackageStoreTests.swift; sourceTree = "<group>"; };
		BB0000000000000000000088 /* BoardSourceBoundaryTests.swift */ = {isa = PBXFileReference; lastKnownFileType = sourcecode.swift; path = BoardSourceBoundaryTests.swift; sourceTree = "<group>"; };
		BB00000000000000000000A1 /* TelemetryTests.swift */ = {isa = PBXFileReference; lastKnownFileType = sourcecode.swift; path = TelemetryTests.swift; sourceTree = "<group>"; };
		AC0000000000000000000001 /* Telemetry.swift */ = {isa = PBXFileReference; lastKnownFileType = sourcecode.swift; path = Telemetry.swift; sourceTree = "<group>"; };
		AC0000000000000000000002 /* PostHogTelemetry.swift */ = {isa = PBXFileReference; lastKnownFileType = sourcecode.swift; path = PostHogTelemetry.swift; sourceTree = "<group>"; };
		AC0000000000000000000003 /* OpenTelemetryDiagnostics.swift */ = {isa = PBXFileReference; lastKnownFileType = sourcecode.swift; path = OpenTelemetryDiagnostics.swift; sourceTree = "<group>"; };
		AC0000000000000000000004 /* PostHog.xcconfig */ = {isa = PBXFileReference; lastKnownFileType = text.xcconfig; path = PostHog.xcconfig; sourceTree = "<group>"; };
		AC0000000000000000000005 /* PostHog.local.xcconfig.example */ = {isa = PBXFileReference; lastKnownFileType = text.xcconfig; path = PostHog.local.xcconfig.example; sourceTree = "<group>"; };
/* End PBXFileReference section */

/* Begin PBXFrameworksBuildPhase section */
		CC0000000000000000000001 /* Frameworks */ = {
			isa = PBXFrameworksBuildPhase;
			buildActionMask = 2147483647;
			files = (
				AA0000000000000000000010 /* HealthKit.framework in Frameworks */,
				AB0000000000000000000004 /* PostHog in Frameworks */,
				AB0000000000000000000005 /* OpenTelemetryApi in Frameworks */,
				AB0000000000000000000006 /* OpenTelemetrySdk in Frameworks */,
				AB0000000000000000000007 /* OpenTelemetryProtocolExporterHTTP in Frameworks */,
				AB0000000000000000000008 /* Sentry in Frameworks */,
			);
			runOnlyForDeploymentPostprocessing = 0;
		};
		CC0000000000000000000004 /* HangTenTests Frameworks */ = {
			isa = PBXFrameworksBuildPhase;
			buildActionMask = 2147483647;
			files = (
				AA0000000000000000000017 /* XCTest.framework in Frameworks */,
			);
			runOnlyForDeploymentPostprocessing = 0;
		};
/* End PBXFrameworksBuildPhase section */

/* Begin PBXGroup section */
		DD0000000000000000000001 = {
			isa = PBXGroup;
			children = (
				DD0000000000000000000002 /* HangTen */,
				DD0000000000000000000007 /* HangTenTests */,
				DD0000000000000000000003 /* Products */,
			);
			sourceTree = "<group>";
		};
		DD0000000000000000000002 /* HangTen */ = {
			isa = PBXGroup;
			children = (
				BB0000000000000000000001 /* HangTenApp.swift */,
				BB0000000000000000000011 /* HangTen.entitlements */,
				DD0000000000000000000008 /* Config */,
				DD0000000000000000000004 /* Models */,
				DD0000000000000000000005 /* Views */,
				DD0000000000000000000006 /* Resources */,
			);
			path = HangTen;
			sourceTree = "<group>";
		};
		DD0000000000000000000003 /* Products */ = {
			isa = PBXGroup;
			children = (
				BB0000000000000000000010 /* HangTen.app */,
				BB0000000000000000000019 /* HangTenTests.xctest */,
			);
			name = Products;
			sourceTree = "<group>";
		};
		DD0000000000000000000004 /* Models */ = {
			isa = PBXGroup;
			children = (
				BB0000000000000000000002 /* AppStore.swift */,
				BB0000000000000000000009 /* HealthKitService.swift */,
				BB0000000000000000000003 /* TrainingModels.swift */,
				BB0000000000000000000016 /* PlanStorage.swift */,
				BB0000000000000000000015 /* WorkoutAudioCoach.swift */,
				BB0000000000000000000075 /* ForceSensorModels.swift */,
				BB0000000000000000000077 /* ProgressorProtocol.swift */,
				BB0000000000000000000079 /* PitchSixProtocol.swift */,
				BB0000000000000000000081 /* WHC06Protocol.swift */,
				BB0000000000000000000083 /* EntralpiProtocol.swift */,
				BB0000000000000000000085 /* ClimbroProtocol.swift */,
				BB0000000000000000000022 /* MotherboardModels.swift */,
				BB0000000000000000000024 /* MotherboardProtocol.swift */,
				BB0000000000000000000026 /* MotherboardWorkoutRecorder.swift */,
				BB0000000000000000000028 /* WorkoutSessionStore.swift */,
				BB0000000000000000000030 /* MotherboardBluetoothService.swift */,
				BB0000000000000000000036 /* SimulatedMotherboardTransport.swift */,
				BB0000000000000000000038 /* MotherboardWorkoutPreparation.swift */,
				BB0000000000000000000041 /* WorkoutTimeline.swift */,
				BB0000000000000000000043 /* PlanFilters.swift */,
				BB0000000000000000000047 /* WorkoutActivityRecording.swift */,
				BB0000000000000000000049 /* WorkoutStopwatch.swift */,
				BB0000000000000000000052 /* WorkoutHistory.swift */,
				BB0000000000000000000053 /* LocalWorkoutHistoryStore.swift */,
				BB0000000000000000000054 /* WorkoutHistoryService.swift */,
				BB0000000000000000000059 /* WorkoutStepNormalization.swift */,
				BB0000000000000000000062 /* CustomRoutineStore.swift */,
				BB0000000000000000000064 /* CustomRoutineDraft.swift */,
				BB0000000000000000000071 /* BoardStorage.swift */,
				BB0000000000000000000086 /* BoardPackageStore.swift */,
				AC0000000000000000000001 /* Telemetry.swift */,
				AC0000000000000000000002 /* PostHogTelemetry.swift */,
				AC0000000000000000000003 /* OpenTelemetryDiagnostics.swift */,
			);
			path = Models;
			sourceTree = "<group>";
		};
		DD0000000000000000000008 /* Config */ = {
			isa = PBXGroup;
			children = (
				AC0000000000000000000004 /* PostHog.xcconfig */,
				AC0000000000000000000005 /* PostHog.local.xcconfig.example */,
			);
			path = Config;
			sourceTree = "<group>";
		};
		DD0000000000000000000005 /* Views */ = {
			isa = PBXGroup;
			children = (
				BB0000000000000000000004 /* DesignSystem.swift */,
				BB0000000000000000000013 /* BoardDesignLanguage.swift */,
				BB0000000000000000000005 /* BoardMapView.swift */,
				BB0000000000000000000006 /* RootView.swift */,
				BB0000000000000000000066 /* CustomRoutineEditorView.swift */,
				BB0000000000000000000032 /* MotherboardViews.swift */,
				BB0000000000000000000034 /* WorkoutSummaryView.swift */,
				BB0000000000000000000039 /* MotherboardWorkoutPreparationView.swift */,
				BB0000000000000000000042 /* WorkoutStepPickerView.swift */,
				BB0000000000000000000008 /* GripDiagramView.swift */,
			);
			path = Views;
			sourceTree = "<group>";
		};
		DD0000000000000000000006 /* Resources */ = {
			isa = PBXGroup;
			children = (
				BB0000000000000000000007 /* Assets.xcassets */,
				BB0000000000000000000017 /* PlanLibrary.json */,
			);
			path = Resources;
			sourceTree = "<group>";
		};
		DD0000000000000000000007 /* HangTenTests */ = {
			isa = PBXGroup;
			children = (
				BB0000000000000000000018 /* TestTargetSmokeTests.swift */,
				BB0000000000000000000021 /* MotherboardModelsTests.swift */,
				BB0000000000000000000074 /* ForceSensorModelsTests.swift */,
				BB0000000000000000000076 /* ProgressorProtocolTests.swift */,
				BB0000000000000000000078 /* PitchSixProtocolTests.swift */,
				BB0000000000000000000080 /* WHC06ProtocolTests.swift */,
				BB0000000000000000000082 /* EntralpiProtocolTests.swift */,
				BB0000000000000000000084 /* ClimbroProtocolTests.swift */,
				BB0000000000000000000023 /* MotherboardProtocolTests.swift */,
				BB0000000000000000000025 /* MotherboardWorkoutRecorderTests.swift */,
				BB0000000000000000000027 /* WorkoutSessionStoreTests.swift */,
				BB0000000000000000000029 /* MotherboardBluetoothServiceTests.swift */,
				BB0000000000000000000031 /* AppStoreTests.swift */,
				BB0000000000000000000033 /* WorkoutSummaryTests.swift */,
				BB0000000000000000000035 /* SimulatedMotherboardTransportTests.swift */,
				BB0000000000000000000037 /* MotherboardWorkoutPreparationTests.swift */,
				BB0000000000000000000040 /* WorkoutTimelineTests.swift */,
				BB0000000000000000000044 /* PlanFiltersTests.swift */,
				BB0000000000000000000045 /* WorkoutSegmentTests.swift */,
				BB0000000000000000000046 /* PlanStorageTests.swift */,
				BB0000000000000000000048 /* WorkoutActivityRecordingTests.swift */,
				BB0000000000000000000050 /* WorkoutStopwatchTests.swift */,
				BB0000000000000000000051 /* AppStoreFavoritesTests.swift */,
				BB0000000000000000000055 /* WorkoutHistoryTests.swift */,
				BB0000000000000000000056 /* LocalWorkoutHistoryStoreTests.swift */,
				BB0000000000000000000057 /* HealthKitServiceTests.swift */,
				BB0000000000000000000058 /* WorkoutHistoryServiceTests.swift */,
				BB0000000000000000000060 /* WorkoutStepNormalizationTests.swift */,
				BB0000000000000000000061 /* CustomRoutineStoreTests.swift */,
				BB0000000000000000000063 /* CustomRoutineAppStoreTests.swift */,
				BB0000000000000000000065 /* CustomRoutineDraftTests.swift */,
				BB0000000000000000000070 /* BoardStorageTests.swift */,
				BB0000000000000000000087 /* BoardPackageStoreTests.swift */,
				BB0000000000000000000088 /* BoardSourceBoundaryTests.swift */,
				BB00000000000000000000A1 /* TelemetryTests.swift */,
			);
			path = HangTenTests;
			sourceTree = "<group>";
		};
/* End PBXGroup section */

/* Begin PBXContainerItemProxy section */
		990000000000000000000001 /* PBXContainerItemProxy */ = {
			isa = PBXContainerItemProxy;
			containerPortal = EE0000000000000000000010 /* Project object */;
			proxyType = 1;
			remoteGlobalIDString = EE0000000000000000000001;
			remoteInfo = HangTen;
		};
/* End PBXContainerItemProxy section */

/* Begin PBXTargetDependency section */
		990000000000000000000002 /* HangTen target dependency */ = {
			isa = PBXTargetDependency;
			target = EE0000000000000000000001 /* HangTen */;
			targetProxy = 990000000000000000000001 /* PBXContainerItemProxy */;
		};
/* End PBXTargetDependency section */

/* Begin PBXNativeTarget section */
		EE0000000000000000000001 /* HangTen */ = {
			isa = PBXNativeTarget;
			buildConfigurationList = FF0000000000000000000002 /* Build configuration list for PBXNativeTarget "HangTen" */;
			buildPhases = (
				CC0000000000000000000002 /* Sources */,
				CC0000000000000000000001 /* Frameworks */,
				CC0000000000000000000007 /* Stage Board Packages */,
				CC0000000000000000000003 /* Resources */,
			);
			buildRules = (
			);
			dependencies = (
			);
			name = HangTen;
			packageProductDependencies = (
				GG0000000000000000000001 /* PostHog */,
				GG0000000000000000000002 /* OpenTelemetryApi */,
				GG0000000000000000000003 /* OpenTelemetrySdk */,
				GG0000000000000000000004 /* OpenTelemetryProtocolExporterHTTP */,
				GG0000000000000000000005 /* Sentry */,
			);
			productName = HangTen;
			productReference = BB0000000000000000000010 /* HangTen.app */;
			productType = "com.apple.product-type.application";
		};
		EE0000000000000000000002 /* HangTenTests */ = {
			isa = PBXNativeTarget;
			buildConfigurationList = FF0000000000000000000003 /* Build configuration list for PBXNativeTarget "HangTenTests" */;
			buildPhases = (
				CC0000000000000000000008 /* Verify Board Source Boundary Manifest */,
				CC0000000000000000000005 /* HangTenTests Sources */,
				CC0000000000000000000004 /* HangTenTests Frameworks */,
				CC0000000000000000000006 /* Resources */,
			);
			buildRules = (
			);
			dependencies = (
				990000000000000000000002 /* HangTen target dependency */,
			);
			name = HangTenTests;
			productName = HangTenTests;
			productReference = BB0000000000000000000019 /* HangTenTests.xctest */;
			productType = "com.apple.product-type.bundle.unit-test";
		};
/* End PBXNativeTarget section */

/* Begin PBXProject section */
		EE0000000000000000000010 /* Project object */ = {
			isa = PBXProject;
			attributes = {
				BuildIndependentTargetsInParallel = 1;
				LastSwiftUpdateCheck = 2660;
				LastUpgradeCheck = 2660;
				TargetAttributes = {
					EE0000000000000000000001 = {
						CreatedOnToolsVersion = 26.6;
					};
					EE0000000000000000000002 = {
						CreatedOnToolsVersion = 26.6;
						TestTargetID = EE0000000000000000000001;
					};
				};
			};
			buildConfigurationList = FF0000000000000000000001 /* Build configuration list for PBXProject "HangTen" */;
			compatibilityVersion = "Xcode 16.0";
			developmentRegion = en;
			hasScannedForEncodings = 0;
			knownRegions = (
				en,
				Base,
			);
			mainGroup = DD0000000000000000000001;
			productRefGroup = DD0000000000000000000003 /* Products */;
			projectDirPath = "";
			projectRoot = "";
			packageReferences = (
				HH0000000000000000000001 /* XCRemoteSwiftPackageReference "posthog-ios" */,
				HH0000000000000000000002 /* XCRemoteSwiftPackageReference "opentelemetry-swift" */,
				HH0000000000000000000003 /* XCRemoteSwiftPackageReference "opentelemetry-swift-core" */,
				HH0000000000000000000004 /* XCRemoteSwiftPackageReference "sentry-cocoa" */,
			);
			targets = (
				EE0000000000000000000001 /* HangTen */,
				EE0000000000000000000002 /* HangTenTests */,
			);
		};
/* End PBXProject section */

/* Begin PBXResourcesBuildPhase section */
		CC0000000000000000000003 /* Resources */ = {
			isa = PBXResourcesBuildPhase;
			buildActionMask = 2147483647;
			files = (
				AA0000000000000000000007 /* Assets.xcassets in Resources */,
				AA0000000000000000000015 /* PlanLibrary.json in Resources */,
			);
			runOnlyForDeploymentPostprocessing = 0;
		};
		CC0000000000000000000006 /* Resources */ = {
			isa = PBXResourcesBuildPhase;
			buildActionMask = 2147483647;
			files = (
				AA0000000000000000000068 /* PlanLibrary.json in Resources */,
			);
			runOnlyForDeploymentPostprocessing = 0;
		};
/* End PBXResourcesBuildPhase section */

/* Begin PBXShellScriptBuildPhase section */
		CC0000000000000000000008 /* Verify Board Source Boundary Manifest */ = {
			isa = PBXShellScriptBuildPhase;
			buildActionMask = 2147483647;
			files = (
			);
			inputPaths = (
				"${SRCROOT}/HangTenTests/BoardSourceBoundaryTrackedPaths.txt",
				"${SRCROOT}/scripts/verify-board-source-boundary-manifest.sh",
			);
			name = "Verify Board Source Boundary Manifest";
			outputPaths = (
			);
			runOnlyForDeploymentPostprocessing = 0;
			shellPath = /bin/sh;
			shellScript = "\"${SRCROOT}/scripts/verify-board-source-boundary-manifest.sh\"\n";
		};
		CC0000000000000000000007 /* Stage Board Packages */ = {
			isa = PBXShellScriptBuildPhase;
			alwaysOutOfDate = 1;
			buildActionMask = 2147483647;
			files = (
			);
			inputPaths = (
				"${SRCROOT}/Hangboards",
			);
			name = "Stage Board Packages";
			outputPaths = (
				"${TARGET_BUILD_DIR}/${UNLOCALIZED_RESOURCES_FOLDER_PATH}/Hangboards",
			);
			runOnlyForDeploymentPostprocessing = 0;
			shellPath = /bin/sh;
			shellScript = "\"${SRCROOT}/scripts/stage-board-packages.py\" \\\n  --repository-root \"${SRCROOT}\" \\\n  --destination \"${TARGET_BUILD_DIR}/${UNLOCALIZED_RESOURCES_FOLDER_PATH}/Hangboards\"\n";
		};
/* End PBXShellScriptBuildPhase section */

/* Begin PBXSourcesBuildPhase section */
		CC0000000000000000000002 /* Sources */ = {
			isa = PBXSourcesBuildPhase;
			buildActionMask = 2147483647;
			files = (
				AA0000000000000000000001 /* HangTenApp.swift in Sources */,
				AA0000000000000000000002 /* AppStore.swift in Sources */,
				AA0000000000000000000003 /* TrainingModels.swift in Sources */,
				AA0000000000000000000004 /* DesignSystem.swift in Sources */,
				AA0000000000000000000005 /* BoardMapView.swift in Sources */,
				AA0000000000000000000006 /* RootView.swift in Sources */,
				AA0000000000000000000008 /* GripDiagramView.swift in Sources */,
				AA0000000000000000000009 /* HealthKitService.swift in Sources */,
				AA0000000000000000000014 /* PlanStorage.swift in Sources */,
				AA0000000000000000000071 /* BoardStorage.swift in Sources */,
				AA0000000000000000000011 /* BoardDesignLanguage.swift in Sources */,
				AA0000000000000000000013 /* WorkoutAudioCoach.swift in Sources */,
				AA0000000000000000000075 /* ForceSensorModels.swift in Sources */,
				AA0000000000000000000077 /* ProgressorProtocol.swift in Sources */,
				AA0000000000000000000079 /* PitchSixProtocol.swift in Sources */,
				AA0000000000000000000081 /* WHC06Protocol.swift in Sources */,
				AA0000000000000000000083 /* EntralpiProtocol.swift in Sources */,
				AA0000000000000000000085 /* ClimbroProtocol.swift in Sources */,
				AA0000000000000000000019 /* MotherboardModels.swift in Sources */,
				AA0000000000000000000021 /* MotherboardProtocol.swift in Sources */,
				AA0000000000000000000023 /* MotherboardWorkoutRecorder.swift in Sources */,
				AA0000000000000000000025 /* WorkoutSessionStore.swift in Sources */,
				AA0000000000000000000027 /* MotherboardBluetoothService.swift in Sources */,
				AA0000000000000000000032 /* MotherboardViews.swift in Sources */,
				AA0000000000000000000034 /* WorkoutSummaryView.swift in Sources */,
				AA0000000000000000000036 /* SimulatedMotherboardTransport.swift in Sources */,
				AA0000000000000000000038 /* MotherboardWorkoutPreparation.swift in Sources */,
				AA0000000000000000000039 /* MotherboardWorkoutPreparationView.swift in Sources */,
				AA0000000000000000000041 /* WorkoutTimeline.swift in Sources */,
				AA0000000000000000000042 /* WorkoutStepPickerView.swift in Sources */,
				AA0000000000000000000043 /* PlanFilters.swift in Sources */,
				AA0000000000000000000047 /* WorkoutActivityRecording.swift in Sources */,
				AA0000000000000000000049 /* WorkoutStopwatch.swift in Sources */,
				AA0000000000000000000052 /* WorkoutHistory.swift in Sources */,
				AA0000000000000000000053 /* LocalWorkoutHistoryStore.swift in Sources */,
				AA0000000000000000000054 /* WorkoutHistoryService.swift in Sources */,
				AA0000000000000000000059 /* WorkoutStepNormalization.swift in Sources */,
				AA0000000000000000000062 /* CustomRoutineStore.swift in Sources */,
				AA0000000000000000000064 /* CustomRoutineDraft.swift in Sources */,
				AA0000000000000000000066 /* CustomRoutineEditorView.swift in Sources */,
				AA0000000000000000000086 /* BoardPackageStore.swift in Sources */,
				AB0000000000000000000001 /* Telemetry.swift in Sources */,
				AB0000000000000000000002 /* PostHogTelemetry.swift in Sources */,
				AB0000000000000000000003 /* OpenTelemetryDiagnostics.swift in Sources */,
			);
			runOnlyForDeploymentPostprocessing = 0;
		};
		CC0000000000000000000005 /* Sources */ = {
			isa = PBXSourcesBuildPhase;
			buildActionMask = 2147483647;
			files = (
				AA0000000000000000000016 /* TestTargetSmokeTests.swift in Sources */,
				AA0000000000000000000018 /* MotherboardModelsTests.swift in Sources */,
				AA0000000000000000000074 /* ForceSensorModelsTests.swift in Sources */,
				AA0000000000000000000076 /* ProgressorProtocolTests.swift in Sources */,
				AA0000000000000000000078 /* PitchSixProtocolTests.swift in Sources */,
				AA0000000000000000000080 /* WHC06ProtocolTests.swift in Sources */,
				AA0000000000000000000082 /* EntralpiProtocolTests.swift in Sources */,
				AA0000000000000000000084 /* ClimbroProtocolTests.swift in Sources */,
				AA0000000000000000000020 /* MotherboardProtocolTests.swift in Sources */,
				AA0000000000000000000022 /* MotherboardWorkoutRecorderTests.swift in Sources */,
				AA0000000000000000000024 /* WorkoutSessionStoreTests.swift in Sources */,
				AA0000000000000000000026 /* MotherboardBluetoothServiceTests.swift in Sources */,
				AA0000000000000000000028 /* AppStoreTests.swift in Sources */,
				AA0000000000000000000033 /* WorkoutSummaryTests.swift in Sources */,
				AA0000000000000000000035 /* SimulatedMotherboardTransportTests.swift in Sources */,
				AA0000000000000000000037 /* MotherboardWorkoutPreparationTests.swift in Sources */,
				AA0000000000000000000040 /* WorkoutTimelineTests.swift in Sources */,
				AA0000000000000000000044 /* PlanFiltersTests.swift in Sources */,
				AA0000000000000000000045 /* WorkoutSegmentTests.swift in Sources */,
				AA0000000000000000000046 /* PlanStorageTests.swift in Sources */,
				AA0000000000000000000048 /* WorkoutActivityRecordingTests.swift in Sources */,
				AA0000000000000000000050 /* WorkoutStopwatchTests.swift in Sources */,
				AA0000000000000000000051 /* AppStoreFavoritesTests.swift in Sources */,
				AA0000000000000000000055 /* WorkoutHistoryTests.swift in Sources */,
				AA0000000000000000000056 /* LocalWorkoutHistoryStoreTests.swift in Sources */,
				AA0000000000000000000057 /* HealthKitServiceTests.swift in Sources */,
				AA0000000000000000000058 /* WorkoutHistoryServiceTests.swift in Sources */,
				AA0000000000000000000060 /* WorkoutStepNormalizationTests.swift in Sources */,
				AA0000000000000000000061 /* CustomRoutineStoreTests.swift in Sources */,
				AA0000000000000000000063 /* CustomRoutineAppStoreTests.swift in Sources */,
				AA0000000000000000000065 /* CustomRoutineDraftTests.swift in Sources */,
				AA0000000000000000000070 /* BoardStorageTests.swift in Sources */,
				AA0000000000000000000087 /* BoardPackageStoreTests.swift in Sources */,
				AA0000000000000000000088 /* BoardSourceBoundaryTests.swift in Sources */,
				AA00000000000000000000A1 /* TelemetryTests.swift in Sources */,
			);
			runOnlyForDeploymentPostprocessing = 0;
		};
/* End PBXSourcesBuildPhase section */

/* Begin XCRemoteSwiftPackageReference section */
		HH0000000000000000000001 /* XCRemoteSwiftPackageReference "posthog-ios" */ = {
			isa = XCRemoteSwiftPackageReference;
			repositoryURL = "https://github.com/PostHog/posthog-ios.git";
			requirement = {
				kind = upToNextMajorVersion;
				minimumVersion = 3.59.3;
			};
		};
		HH0000000000000000000002 /* XCRemoteSwiftPackageReference "opentelemetry-swift" */ = {
			isa = XCRemoteSwiftPackageReference;
			repositoryURL = "https://github.com/open-telemetry/opentelemetry-swift.git";
			requirement = {
				kind = upToNextMajorVersion;
				minimumVersion = 2.3.0;
			};
		};
		HH0000000000000000000003 /* XCRemoteSwiftPackageReference "opentelemetry-swift-core" */ = {
			isa = XCRemoteSwiftPackageReference;
			repositoryURL = "https://github.com/open-telemetry/opentelemetry-swift-core.git";
			requirement = {
				kind = upToNextMajorVersion;
				minimumVersion = 2.5.1;
			};
		};
		HH0000000000000000000004 /* XCRemoteSwiftPackageReference "sentry-cocoa" */ = {
			isa = XCRemoteSwiftPackageReference;
			repositoryURL = "https://github.com/getsentry/sentry-cocoa.git";
			requirement = {
				kind = upToNextMajorVersion;
				minimumVersion = 8.0.0;
			};
		};
/* End XCRemoteSwiftPackageReference section */

/* Begin XCSwiftPackageProductDependency section */
		GG0000000000000000000001 /* PostHog */ = {
			isa = XCSwiftPackageProductDependency;
			package = HH0000000000000000000001 /* XCRemoteSwiftPackageReference "posthog-ios" */;
			productName = PostHog;
		};
		GG0000000000000000000002 /* OpenTelemetryApi */ = {
			isa = XCSwiftPackageProductDependency;
			package = HH0000000000000000000003 /* XCRemoteSwiftPackageReference "opentelemetry-swift-core" */;
			productName = OpenTelemetryApi;
		};
		GG0000000000000000000003 /* OpenTelemetrySdk */ = {
			isa = XCSwiftPackageProductDependency;
			package = HH0000000000000000000003 /* XCRemoteSwiftPackageReference "opentelemetry-swift-core" */;
			productName = OpenTelemetrySdk;
		};
		GG0000000000000000000004 /* OpenTelemetryProtocolExporterHTTP */ = {
			isa = XCSwiftPackageProductDependency;
			package = HH0000000000000000000002 /* XCRemoteSwiftPackageReference "opentelemetry-swift" */;
			productName = OpenTelemetryProtocolExporterHTTP;
		};
		GG0000000000000000000005 /* Sentry */ = {
			isa = XCSwiftPackageProductDependency;
			package = HH0000000000000000000004 /* XCRemoteSwiftPackageReference "sentry-cocoa" */;
			productName = Sentry;
		};
/* End XCSwiftPackageProductDependency section */

/* Begin XCBuildConfiguration section */
		FF0000000000000000000011 /* Debug */ = {
			isa = XCBuildConfiguration;
			buildSettings = {
				ALWAYS_SEARCH_USER_PATHS = NO;
				CLANG_ENABLE_MODULES = YES;
				CLANG_ENABLE_OBJC_ARC = YES;
				CLANG_WARN_BOOL_CONVERSION = YES;
				CLANG_WARN_COMMA = YES;
				CLANG_WARN_CONSTANT_CONVERSION = YES;
				CLANG_WARN_DIRECT_OBJC_ISA_USAGE = YES_ERROR;
				CLANG_WARN_DOCUMENTATION_COMMENTS = YES;
				CLANG_WARN_EMPTY_BODY = YES;
				CLANG_WARN_ENUM_CONVERSION = YES;
				CLANG_WARN_INT_CONVERSION = YES;
				CLANG_WARN_OBJC_ROOT_CLASS = YES_ERROR;
				CLANG_WARN_UNREACHABLE_CODE = YES;
				CLANG_WARN__DUPLICATE_METHOD_MATCH = YES;
				"CODE_SIGN_IDENTITY[sdk=iphoneos*]" = "iPhone Developer";
				COPY_PHASE_STRIP = NO;
				DEBUG_INFORMATION_FORMAT = dwarf;
				ENABLE_STRICT_OBJC_MSGSEND = YES;
				ENABLE_TESTABILITY = YES;
				GCC_C_LANGUAGE_STANDARD = gnu17;
				GCC_DYNAMIC_NO_PIC = NO;
				GCC_NO_COMMON_BLOCKS = YES;
				GCC_WARN_64_TO_32_BIT_CONVERSION = YES;
				GCC_WARN_ABOUT_RETURN_TYPE = YES_ERROR;
				GCC_WARN_UNDECLARED_SELECTOR = YES;
				GCC_WARN_UNINITIALIZED_AUTOS = YES_AGGRESSIVE;
				GCC_WARN_UNUSED_FUNCTION = YES;
				GCC_WARN_UNUSED_VARIABLE = YES;
				IPHONEOS_DEPLOYMENT_TARGET = 17.0;
				MTL_ENABLE_DEBUG_INFO = INCLUDE_SOURCE;
				ONLY_ACTIVE_ARCH = YES;
				SDKROOT = iphoneos;
				SWIFT_ACTIVE_COMPILATION_CONDITIONS = DEBUG;
				SWIFT_OPTIMIZATION_LEVEL = "-Onone";
			};
			name = Debug;
		};
		FF0000000000000000000012 /* Release */ = {
			isa = XCBuildConfiguration;
			buildSettings = {
				ALWAYS_SEARCH_USER_PATHS = NO;
				CLANG_ENABLE_MODULES = YES;
				CLANG_ENABLE_OBJC_ARC = YES;
				CLANG_WARN_BOOL_CONVERSION = YES;
				CLANG_WARN_COMMA = YES;
				CLANG_WARN_CONSTANT_CONVERSION = YES;
				CLANG_WARN_DIRECT_OBJC_ISA_USAGE = YES_ERROR;
				CLANG_WARN_DOCUMENTATION_COMMENTS = YES;
				CLANG_WARN_EMPTY_BODY = YES;
				CLANG_WARN_ENUM_CONVERSION = YES;
				CLANG_WARN_INT_CONVERSION = YES;
				CLANG_WARN_OBJC_ROOT_CLASS = YES_ERROR;
				CLANG_WARN_UNREACHABLE_CODE = YES;
				CLANG_WARN__DUPLICATE_METHOD_MATCH = YES;
				"CODE_SIGN_IDENTITY[sdk=iphoneos*]" = "iPhone Developer";
				COPY_PHASE_STRIP = NO;
				DEBUG_INFORMATION_FORMAT = "dwarf-with-dsym";
				ENABLE_NS_ASSERTIONS = NO;
				ENABLE_STRICT_OBJC_MSGSEND = YES;
				GCC_C_LANGUAGE_STANDARD = gnu17;
				GCC_NO_COMMON_BLOCKS = YES;
				GCC_WARN_64_TO_32_BIT_CONVERSION = YES;
				GCC_WARN_ABOUT_RETURN_TYPE = YES_ERROR;
				GCC_WARN_UNDECLARED_SELECTOR = YES;
				GCC_WARN_UNINITIALIZED_AUTOS = YES_AGGRESSIVE;
				GCC_WARN_UNUSED_FUNCTION = YES;
				GCC_WARN_UNUSED_VARIABLE = YES;
				IPHONEOS_DEPLOYMENT_TARGET = 17.0;
				MTL_ENABLE_DEBUG_INFO = NO;
				SDKROOT = iphoneos;
				SWIFT_COMPILATION_MODE = wholemodule;
				SWIFT_OPTIMIZATION_LEVEL = "-O";
				VALIDATE_PRODUCT = YES;
			};
			name = Release;
		};
		FF0000000000000000000021 /* Debug */ = {
			isa = XCBuildConfiguration;
				baseConfigurationReference = AC0000000000000000000004 /* PostHog.xcconfig */;
			buildSettings = {
				ASSETCATALOG_COMPILER_APPICON_NAME = AppIcon;
				CLANG_ENABLE_MODULES = YES;
				CODE_SIGN_STYLE = Automatic;
				CURRENT_PROJECT_VERSION = 1;
				GENERATE_INFOPLIST_FILE = YES;
				INFOPLIST_KEY_CFBundleIconName = AppIcon;
				INFOPLIST_KEY_CFBundleDisplayName = "Hang Ten";
				INFOPLIST_KEY_LSApplicationCategoryType = "public.app-category.sports";
				INFOPLIST_KEY_NSHealthShareUsageDescription = "Hang Ten reads your Apple Health workout history to restore your progress on a new device.";
				INFOPLIST_KEY_NSHealthUpdateUsageDescription = "Hang Ten saves completed hangboard sessions to Apple Health.";
				INFOPLIST_KEY_NSBluetoothAlwaysUsageDescription = "Hang Ten uses Bluetooth to receive live force measurements from compatible force sensors.";
				INFOPLIST_KEY_POSTHOG_CLIENT_TOKEN = "$(POSTHOG_CLIENT_TOKEN)";
				INFOPLIST_KEY_POSTHOG_HOST = "$(POSTHOG_HOST)";
				INFOPLIST_KEY_SENTRY_DSN = "$(SENTRY_DSN)";
				INFOPLIST_KEY_ITSAppUsesNonExemptEncryption = NO;
				INFOPLIST_KEY_UIApplicationSceneManifest_Generation = YES;
				INFOPLIST_KEY_UIApplicationSupportsIndirectInputEvents = YES;
				INFOPLIST_KEY_UILaunchScreen_Generation = YES;
				INFOPLIST_KEY_UISupportedInterfaceOrientations = "UIInterfaceOrientationPortrait UIInterfaceOrientationLandscapeLeft UIInterfaceOrientationLandscapeRight";
				INFOPLIST_KEY_UISupportedInterfaceOrientations_iPad = "UIInterfaceOrientationPortrait UIInterfaceOrientationPortraitUpsideDown UIInterfaceOrientationLandscapeLeft UIInterfaceOrientationLandscapeRight";
				IPHONEOS_DEPLOYMENT_TARGET = 17.0;
				MARKETING_VERSION = 1.0.0;
				CODE_SIGN_ENTITLEMENTS = HangTen/HangTen.entitlements;
				PRODUCT_BUNDLE_IDENTIFIER = "com.hangten.training";
				PRODUCT_NAME = "$(TARGET_NAME)";
				SDKROOT = iphoneos;
				SWIFT_VERSION = 5.0;
				TARGETED_DEVICE_FAMILY = "1,2";
			};
			name = Debug;
		};
		FF0000000000000000000022 /* Release */ = {
			isa = XCBuildConfiguration;
				baseConfigurationReference = AC0000000000000000000004 /* PostHog.xcconfig */;
			buildSettings = {
				ASSETCATALOG_COMPILER_APPICON_NAME = AppIcon;
				CLANG_ENABLE_MODULES = YES;
				"CODE_SIGN_IDENTITY[sdk=iphoneos*]" = "Apple Distribution";
				CODE_SIGN_STYLE = Manual;
				CURRENT_PROJECT_VERSION = 1;
				DEVELOPMENT_TEAM = "$(HANGTEN_DEVELOPMENT_TEAM)";
				GENERATE_INFOPLIST_FILE = YES;
				INFOPLIST_KEY_CFBundleIconName = AppIcon;
				INFOPLIST_KEY_CFBundleDisplayName = "Hang Ten";
				INFOPLIST_KEY_LSApplicationCategoryType = "public.app-category.sports";
				INFOPLIST_KEY_NSHealthShareUsageDescription = "Hang Ten reads your Apple Health workout history to restore your progress on a new device.";
				INFOPLIST_KEY_NSHealthUpdateUsageDescription = "Hang Ten saves completed hangboard sessions to Apple Health.";
				INFOPLIST_KEY_NSBluetoothAlwaysUsageDescription = "Hang Ten uses Bluetooth to receive live force measurements from compatible force sensors.";
				INFOPLIST_KEY_POSTHOG_CLIENT_TOKEN = "$(POSTHOG_CLIENT_TOKEN)";
				INFOPLIST_KEY_POSTHOG_HOST = "$(POSTHOG_HOST)";
				INFOPLIST_KEY_SENTRY_DSN = "$(SENTRY_DSN)";
				INFOPLIST_KEY_ITSAppUsesNonExemptEncryption = NO;
				INFOPLIST_KEY_UIApplicationSceneManifest_Generation = YES;
				INFOPLIST_KEY_UIApplicationSupportsIndirectInputEvents = YES;
				INFOPLIST_KEY_UILaunchScreen_Generation = YES;
				INFOPLIST_KEY_UISupportedInterfaceOrientations = "UIInterfaceOrientationPortrait UIInterfaceOrientationLandscapeLeft UIInterfaceOrientationLandscapeRight";
				INFOPLIST_KEY_UISupportedInterfaceOrientations_iPad = "UIInterfaceOrientationPortrait UIInterfaceOrientationPortraitUpsideDown UIInterfaceOrientationLandscapeLeft UIInterfaceOrientationLandscapeRight";
				IPHONEOS_DEPLOYMENT_TARGET = 17.0;
				MARKETING_VERSION = 1.0.0;
				CODE_SIGN_ENTITLEMENTS = HangTen/HangTen.entitlements;
				PRODUCT_BUNDLE_IDENTIFIER = "com.hangten.training";
				PRODUCT_NAME = "$(TARGET_NAME)";
				PROVISIONING_PROFILE_SPECIFIER = "$(HANGTEN_PROVISIONING_PROFILE_SPECIFIER)";
				SDKROOT = iphoneos;
				SWIFT_VERSION = 5.0;
				TARGETED_DEVICE_FAMILY = "1,2";
			};
			name = Release;
		};
		FF0000000000000000000023 /* Debug */ = {
			isa = XCBuildConfiguration;
			buildSettings = {
				BUNDLE_LOADER = "$(TEST_HOST)";
				BUNDLE_EXECUTABLE_FOLDER_PATH = HangTen;
				CLANG_ENABLE_MODULES = YES;
				CODE_SIGN_STYLE = Automatic;
				GENERATE_INFOPLIST_FILE = YES;
				IPHONEOS_DEPLOYMENT_TARGET = 17.0;
				LD_RUNPATH_SEARCH_PATHS = (
					"$(inherited)",
					"@executable_path/Frameworks",
					"@loader_path/Frameworks",
				);
				PRODUCT_BUNDLE_IDENTIFIER = "com.hangten.training.tests";
				PRODUCT_NAME = "$(TARGET_NAME)";
				SDKROOT = iphoneos;
				SWIFT_VERSION = 5.0;
				TARGETED_DEVICE_FAMILY = "1,2";
				TEST_HOST = "$(BUILT_PRODUCTS_DIR)/HangTen.app/$(BUNDLE_EXECUTABLE_FOLDER_PATH)";
				TEST_TARGET_NAME = HangTen;
			};
			name = Debug;
		};
		FF0000000000000000000024 /* Release */ = {
			isa = XCBuildConfiguration;
			buildSettings = {
				BUNDLE_LOADER = "$(TEST_HOST)";
				BUNDLE_EXECUTABLE_FOLDER_PATH = HangTen;
				CLANG_ENABLE_MODULES = YES;
				CODE_SIGN_STYLE = Automatic;
				GENERATE_INFOPLIST_FILE = YES;
				IPHONEOS_DEPLOYMENT_TARGET = 17.0;
				LD_RUNPATH_SEARCH_PATHS = (
					"$(inherited)",
					"@executable_path/Frameworks",
					"@loader_path/Frameworks",
				);
				PRODUCT_BUNDLE_IDENTIFIER = "com.hangten.training.tests";
				PRODUCT_NAME = "$(TARGET_NAME)";
				SDKROOT = iphoneos;
				SWIFT_VERSION = 5.0;
				TARGETED_DEVICE_FAMILY = "1,2";
				TEST_HOST = "$(BUILT_PRODUCTS_DIR)/HangTen.app/$(BUNDLE_EXECUTABLE_FOLDER_PATH)";
				TEST_TARGET_NAME = HangTen;
			};
			name = Release;
		};
/* End XCBuildConfiguration section */

/* Begin XCConfigurationList section */
		FF0000000000000000000001 /* Build configuration list for PBXProject "HangTen" */ = {
			isa = XCConfigurationList;
			buildConfigurations = (
				FF0000000000000000000011 /* Debug */,
				FF0000000000000000000012 /* Release */,
			);
			defaultConfigurationIsVisible = 0;
			defaultConfigurationName = Release;
		};
		FF0000000000000000000002 /* Build configuration list for PBXNativeTarget "HangTen" */ = {
			isa = XCConfigurationList;
			buildConfigurations = (
				FF0000000000000000000021 /* Debug */,
				FF0000000000000000000022 /* Release */,
			);
			defaultConfigurationIsVisible = 0;
			defaultConfigurationName = Release;
		};
		FF0000000000000000000003 /* Build configuration list for PBXNativeTarget "HangTenTests" */ = {
			isa = XCConfigurationList;
			buildConfigurations = (
				FF0000000000000000000023 /* Debug */,
				FF0000000000000000000024 /* Release */,
			);
			defaultConfigurationIsVisible = 0;
			defaultConfigurationName = Release;
		};
/* End XCConfigurationList section */
	};
	rootObject = EE0000000000000000000010 /* Project object */;
}
